
Microsoft Visual Studio Solution File, Format Version 12.00
# Visual Studio Version 17
VisualStudioVersion = 17.14.36915.13
MinimumVisualStudioVersion = 10.0.40219.1
Project("{FAE04EC0-301F-11D3-BF4B-00C04F79EFBC}") = "Travel.API", "Travel.API.csproj", "{24AE0618-5998-4A01-8875-278F460140D8}"
EndProject
Project("{FAE04EC0-301F-11D3-BF4B-00C04F79EFBC}") = "Travel.Application", "Travel.Application\Travel.Application.csproj", "{54846264-EB2C-DCAA-2A53-A22D6A49A7AA}"
EndProject
Project("{FAE04EC0-301F-11D3-BF4B-00C04F79EFBC}") = "Travel.Domain", "Travel.Domain\Travel.Domain.csproj", "{A335155C-F66D-7E32-BB72-CB820728FAA8}"
EndProject
Project("{FAE04EC0-301F-11D3-BF4B-00C04F79EFBC}") = "Travel.Infrastructure", "Travel.Infrastructure\Travel.Infrastructure.csproj", "{BE152A94-BC39-4025-AA76-3D06216C13FB}"
EndProject
Global
	GlobalSection(SolutionConfigurationPlatforms) = preSolution
		Debug|Any CPU = Debug|Any CPU
		Release|Any CPU = Release|Any CPU
	EndGlobalSection
	GlobalSection(ProjectConfigurationPlatforms) = postSolution
		{24AE0618-5998-4A01-8875-278F460140D8}.Debug|Any CPU.ActiveCfg = Debug|Any CPU
		{24AE0618-5998-4A01-8875-278F460140D8}.Debug|Any CPU.Build.0 = Debug|Any CPU
		{24AE0618-5998-4A01-8875-278F460140D8}.Release|Any CPU.ActiveCfg = Release|Any CPU
		{24AE0618-5998-4A01-8875-278F460140D8}.Release|Any CPU.Build.0 = Release|Any CPU
		{54846264-EB2C-DCAA-2A53-A22D6A49A7AA}.Debug|Any CPU.ActiveCfg = Debug|Any CPU
		{54846264-EB2C-DCAA-2A53-A22D6A49A7AA}.Debug|Any CPU.Build.0 = Debug|Any CPU
		{54846264-EB2C-DCAA-2A53-A22D6A49A7AA}.Release|Any CPU.ActiveCfg = Release|Any CPU
		{54846264-EB2C-DCAA-2A53-A22D6A49A7AA}.Release|Any CPU.Build.0 = Release|Any CPU
		{A335155C-F66D-7E32-BB72-CB820728FAA8}.Debug|Any CPU.ActiveCfg = Debug|Any CPU
		{A335155C-F66D-7E32-BB72-CB820728FAA8}.Debug|Any CPU.Build.0 = Debug|Any CPU
		{A335155C-F66D-7E32-BB72-CB820728FAA8}.Release|Any CPU.ActiveCfg = Release|Any CPU
		{A335155C-F66D-7E32-BB72-CB820728FAA8}.Release|Any CPU.Build.0 = Release|Any CPU
		{BE152A94-BC39-4025-AA76-3D06216C13FB}.Debug|Any CPU.ActiveCfg = Debug|Any CPU
		{BE152A94-BC39-4025-AA76-3D06216C13FB}.Debug|Any CPU.Build.0 = Debug|Any CPU
		{BE152A94-BC39-4025-AA76-3D06216C13FB}.Release|Any CPU.ActiveCfg = Release|Any CPU
		{BE152A94-BC39-4025-AA76-3D06216C13FB}.Release|Any CPU.Build.0 = Release|Any CPU
	EndGlobalSection
	GlobalSection(SolutionProperties) = preSolution
		HideSolutionNode = FALSE
	EndGlobalSection
	GlobalSection(ExtensibilityGlobals) = postSolution
		SolutionGuid = {572688D8-2CEA-449D-8D36-915D08CDCAF2}
	EndGlobalSection
EndGlobal
