
Microsoft Visual Studio Solution File, Format Version 12.00
# Visual Studio Version 17
VisualStudioVersion = 17.14.36915.13 d17.14
MinimumVisualStudioVersion = 10.0.40219.1
Project("{FAE04EC0-301F-11D3-BF4B-00C04F79EFBC}") = "Travel.API", "Travel.API.csproj", "{24AE0618-5998-4A01-8875-278F460140D8}"
EndProject
Project("{FAE04EC0-301F-11D3-BF4B-00C04F79EFBC}") = "Travel.Domain", "..\Travel.Domain\Travel.Domain.csproj", "{703C08E0-8C48-4C95-A31D-06FFCD6F3EBD}"
EndProject
Project("{FAE04EC0-301F-11D3-BF4B-00C04F79EFBC}") = "Travel.Application", "..\Travel.Application\Travel.Application.csproj", "{8F027CF9-5D76-49BE-9410-3869EE7858A2}"
EndProject
Project("{FAE04EC0-301F-11D3-BF4B-00C04F79EFBC}") = "Travel.Infrastructure", "..\Travel.Infrastructure\Travel.Infrastructure.csproj", "{26A8A188-270B-4160-AC71-F7F06A301A96}"
EndProject
Global
	GlobalSection(SolutionConfigurationPlatforms) = preSolution
		Debug|Any CPU = Debug|Any CPU
		Release|Any CPU = Release|Any CPU
	EndGlobalSection
	GlobalSection(ProjectConfigurationPlatforms) = postSolution
		{24AE0618-5998-4A01-8875-278F460140D8}.Debug|Any CPU.ActiveCfg = Debug|Any CPU
		{24AE0618-5998-4A01-8875-278F460140D8}.Debug|Any CPU.Build.0 = Debug|Any CPU
		{24AE0618-5998-4A01-8875-278F460140D8}.Release|Any CPU.ActiveCfg = Release|Any CPU
		{24AE0618-5998-4A01-8875-278F460140D8}.Release|Any CPU.Build.0 = Release|Any CPU
		{703C08E0-8C48-4C95-A31D-06FFCD6F3EBD}.Debug|Any CPU.ActiveCfg = Debug|Any CPU
		{703C08E0-8C48-4C95-A31D-06FFCD6F3EBD}.Debug|Any CPU.Build.0 = Debug|Any CPU
		{703C08E0-8C48-4C95-A31D-06FFCD6F3EBD}.Release|Any CPU.ActiveCfg = Release|Any CPU
		{703C08E0-8C48-4C95-A31D-06FFCD6F3EBD}.Release|Any CPU.Build.0 = Release|Any CPU
		{8F027CF9-5D76-49BE-9410-3869EE7858A2}.Debug|Any CPU.ActiveCfg = Debug|Any CPU
		{8F027CF9-5D76-49BE-9410-3869EE7858A2}.Debug|Any CPU.Build.0 = Debug|Any CPU
		{8F027CF9-5D76-49BE-9410-3869EE7858A2}.Release|Any CPU.ActiveCfg = Release|Any CPU
		{8F027CF9-5D76-49BE-9410-3869EE7858A2}.Release|Any CPU.Build.0 = Release|Any CPU
		{26A8A188-270B-4160-AC71-F7F06A301A96}.Debug|Any CPU.ActiveCfg = Debug|Any CPU
		{26A8A188-270B-4160-AC71-F7F06A301A96}.Debug|Any CPU.Build.0 = Debug|Any CPU
		{26A8A188-270B-4160-AC71-F7F06A301A96}.Release|Any CPU.ActiveCfg = Release|Any CPU
		{26A8A188-270B-4160-AC71-F7F06A301A96}.Release|Any CPU.Build.0 = Release|Any CPU
	EndGlobalSection
	GlobalSection(SolutionProperties) = preSolution
		HideSolutionNode = FALSE
	EndGlobalSection
	GlobalSection(ExtensibilityGlobals) = postSolution
		SolutionGuid = {572688D8-2CEA-449D-8D36-915D08CDCAF2}
	EndGlobalSection
EndGlobal
